// !$*UTF8*$!
{
	archiveVersion = 1;
	classes = {
	};
	objectVersion = 52;
	objects = {

/* Begin PBXBuildFile section */
		D668D2FC24AED8ED00629739 /* AppDelegate.swift in Sources */ = {isa = PBXBuildFile; fileRef = D668D2FB24AED8ED00629739 /* AppDelegate.swift */; };
		D668D2FE24AED8ED00629739 /* SceneDelegate.swift in Sources */ = {isa = PBXBuildFile; fileRef = D668D2FD24AED8ED00629739 /* SceneDelegate.swift */; };
		D668D30024AED8ED00629739 /* ViewController.swift in Sources */ = {isa = PBXBuildFile; fileRef = D668D2FF24AED8ED00629739 /* ViewController.swift */; };
		D668D30324AED8ED00629739 /* Main.storyboard in Resources */ = {isa = PBXBuildFile; fileRef = D668D30124AED8ED00629739 /* Main.storyboard */; };
		D668D30524AED8EE00629739 /* Assets.xcassets in Resources */ = {isa = PBXBuildFile; fileRef = D668D30424AED8EE00629739 /* Assets.xcassets */; };
		D668D30824AED8EE00629739 /* LaunchScreen.storyboard in Resources */ = {isa = PBXBuildFile; fileRef = D668D30624AED8EE00629739 /* LaunchScreen.storyboard */; };
		D668D31124AED95300629739 /* RxSwiftRex in Frameworks */ = {isa = PBXBuildFile; productRef = D668D31024AED95300629739 /* RxSwiftRex */; };
		D668D31324AEDBB300629739 /* AppModule.swift in Sources */ = {isa = PBXBuildFile; fileRef = D668D31224AEDBB300629739 /* AppModule.swift */; };
		D668D31524AEDC1F00629739 /* AppModule+CodeGenerated.swift in Sources */ = {isa = PBXBuildFile; fileRef = D668D31424AEDC1F00629739 /* AppModule+CodeGenerated.swift */; };
		D668D31724AEE52F00629739 /* LoggerMiddleware.swift in Sources */ = {isa = PBXBuildFile; fileRef = D668D31624AEE52F00629739 /* LoggerMiddleware.swift */; };
/* End PBXBuildFile section */

/* Begin PBXFileReference section */
		D668D2F824AED8ED00629739 /* RxSwiftRexExample.app */ = {isa = PBXFileReference; explicitFileType = wrapper.application; includeInIndex = 0; path = RxSwiftRexExample.app; sourceTree = BUILT_PRODUCTS_DIR; };
		D668D2FB24AED8ED00629739 /* AppDelegate.swift */ = {isa = PBXFileReference; lastKnownFileType = sourcecode.swift; path = AppDelegate.swift; sourceTree = "<group>"; };
		D668D2FD24AED8ED00629739 /* SceneDelegate.swift */ = {isa = PBXFileReference; lastKnownFileType = sourcecode.swift; path = SceneDelegate.swift; sourceTree = "<group>"; };
		D668D2FF24AED8ED00629739 /* ViewController.swift */ = {isa = PBXFileReference; lastKnownFileType = sourcecode.swift; path = ViewController.swift; sourceTree = "<group>"; };
		D668D30224AED8ED00629739 /* Base */ = {isa = PBXFileReference; lastKnownFileType = file.storyboard; name = Base; path = Base.lproj/Main.storyboard; sourceTree = "<group>"; };
		D668D30424AED8EE00629739 /* Assets.xcassets */ = {isa = PBXFileReference; lastKnownFileType = folder.assetcatalog; path = Assets.xcassets; sourceTree = "<group>"; };
		D668D30724AED8EE00629739 /* Base */ = {isa = PBXFileReference; lastKnownFileType = file.storyboard; name = Base; path = Base.lproj/LaunchScreen.storyboard; sourceTree = "<group>"; };
		D668D30924AED8EE00629739 /* Info.plist */ = {isa = PBXFileReference; lastKnownFileType = text.plist.xml; path = Info.plist; sourceTree = "<group>"; };
		D668D31224AEDBB300629739 /* AppModule.swift */ = {isa = PBXFileReference; lastKnownFileType = sourcecode.swift; path = AppModule.swift; sourceTree = "<group>"; };
		D668D31424AEDC1F00629739 /* AppModule+CodeGenerated.swift */ = {isa = PBXFileReference; lastKnownFileType = sourcecode.swift; path = "AppModule+CodeGenerated.swift"; sourceTree = "<group>"; };
		D668D31624AEE52F00629739 /* LoggerMiddleware.swift */ = {isa = PBXFileReference; lastKnownFileType = sourcecode.swift; path = LoggerMiddleware.swift; sourceTree = "<group>"; };
/* End PBXFileReference section */

/* Begin PBXFrameworksBuildPhase section */
		D668D2F524AED8ED00629739 /* Frameworks */ = {
			isa = PBXFrameworksBuildPhase;
			buildActionMask = 2147483647;
			files = (
				D668D31124AED95300629739 /* RxSwiftRex in Frameworks */,
			);
			runOnlyForDeploymentPostprocessing = 0;
		};
/* End PBXFrameworksBuildPhase section */

/* Begin PBXGroup section */
		D668D2EF24AED8ED00629739 = {
			isa = PBXGroup;
			children = (
				D668D2FA24AED8ED00629739 /* RxSwiftRexExample */,
				D668D2F924AED8ED00629739 /* Products */,
			);
			sourceTree = "<group>";
		};
		D668D2F924AED8ED00629739 /* Products */ = {
			isa = PBXGroup;
			children = (
				D668D2F824AED8ED00629739 /* RxSwiftRexExample.app */,
			);
			name = Products;
			sourceTree = "<group>";
		};
		D668D2FA24AED8ED00629739 /* RxSwiftRexExample */ = {
			isa = PBXGroup;
			children = (
				D668D2FB24AED8ED00629739 /* AppDelegate.swift */,
				D668D31224AEDBB300629739 /* AppModule.swift */,
				D668D31424AEDC1F00629739 /* AppModule+CodeGenerated.swift */,
				D668D30424AED8EE00629739 /* Assets.xcassets */,
				D668D30924AED8EE00629739 /* Info.plist */,
				D668D30624AED8EE00629739 /* LaunchScreen.storyboard */,
				D668D31624AEE52F00629739 /* LoggerMiddleware.swift */,
				D668D30124AED8ED00629739 /* Main.storyboard */,
				D668D2FD24AED8ED00629739 /* SceneDelegate.swift */,
				D668D2FF24AED8ED00629739 /* ViewController.swift */,
			);
			path = RxSwiftRexExample;
			sourceTree = "<group>";
		};
/* End PBXGroup section */

/* Begin PBXNativeTarget section */
		D668D2F724AED8ED00629739 /* RxSwiftRexExample */ = {
			isa = PBXNativeTarget;
			buildConfigurationList = D668D30C24AED8EE00629739 /* Build configuration list for PBXNativeTarget "RxSwiftRexExample" */;
			buildPhases = (
				D668D2F424AED8ED00629739 /* Sources */,
				D668D2F524AED8ED00629739 /* Frameworks */,
				D668D2F624AED8ED00629739 /* Resources */,
			);
			buildRules = (
			);
			dependencies = (
			);
			name = RxSwiftRexExample;
			packageProductDependencies = (
				D668D31024AED95300629739 /* RxSwiftRex */,
			);
			productName = RxSwiftRexExample;
			productReference = D668D2F824AED8ED00629739 /* RxSwiftRexExample.app */;
			productType = "com.apple.product-type.application";
		};
/* End PBXNativeTarget section */

/* Begin PBXProject section */
		D668D2F024AED8ED00629739 /* Project object */ = {
			isa = PBXProject;
			attributes = {
				LastSwiftUpdateCheck = 1150;
				LastUpgradeCheck = 1150;
				ORGANIZATIONNAME = DeveloperCity;
				TargetAttributes = {
					D668D2F724AED8ED00629739 = {
						CreatedOnToolsVersion = 11.5;
					};
				};
			};
			buildConfigurationList = D668D2F324AED8ED00629739 /* Build configuration list for PBXProject "RxSwiftRexExample" */;
			compatibilityVersion = "Xcode 9.3";
			developmentRegion = en;
			hasScannedForEncodings = 0;
			knownRegions = (
				en,
				Base,
			);
			mainGroup = D668D2EF24AED8ED00629739;
			packageReferences = (
				D668D30F24AED95300629739 /* XCRemoteSwiftPackageReference "SwiftRex" */,
			);
			productRefGroup = D668D2F924AED8ED00629739 /* Products */;
			projectDirPath = "";
			projectRoot = "";
			targets = (
				D668D2F724AED8ED00629739 /* RxSwiftRexExample */,
			);
		};
/* End PBXProject section */

/* Begin PBXResourcesBuildPhase section */
		D668D2F624AED8ED00629739 /* Resources */ = {
			isa = PBXResourcesBuildPhase;
			buildActionMask = 2147483647;
			files = (
				D668D30824AED8EE00629739 /* LaunchScreen.storyboard in Resources */,
				D668D30524AED8EE00629739 /* Assets.xcassets in Resources */,
				D668D30324AED8ED00629739 /* Main.storyboard in Resources */,
			);
			runOnlyForDeploymentPostprocessing = 0;
		};
/* End PBXResourcesBuildPhase section */

/* Begin PBXSourcesBuildPhase section */
		D668D2F424AED8ED00629739 /* Sources */ = {
			isa = PBXSourcesBuildPhase;
			buildActionMask = 2147483647;
			files = (
				D668D31524AEDC1F00629739 /* AppModule+CodeGenerated.swift in Sources */,
				D668D30024AED8ED00629739 /* ViewController.swift in Sources */,
				D668D31324AEDBB300629739 /* AppModule.swift in Sources */,
				D668D31724AEE52F00629739 /* LoggerMiddleware.swift in Sources */,
				D668D2FC24AED8ED00629739 /* AppDelegate.swift in Sources */,
				D668D2FE24AED8ED00629739 /* SceneDelegate.swift in Sources */,
			);
			runOnlyForDeploymentPostprocessing = 0;
		};
/* End PBXSourcesBuildPhase section */

/* Begin PBXVariantGroup section */
		D668D30124AED8ED00629739 /* Main.storyboard */ = {
			isa = PBXVariantGroup;
			children = (
				D668D30224AED8ED00629739 /* Base */,
			);
			name = Main.storyboard;
			sourceTree = "<group>";
		};
		D668D30624AED8EE00629739 /* LaunchScreen.storyboard */ = {
			isa = PBXVariantGroup;
			children = (
				D668D30724AED8EE00629739 /* Base */,
			);
			name = LaunchScreen.storyboard;
			sourceTree = "<group>";
		};
/* End PBXVariantGroup section */

/* Begin XCBuildConfiguration section */
		D668D30A24AED8EE00629739 /* Debug */ = {
			isa = XCBuildConfiguration;
			buildSettings = {
				ALWAYS_SEARCH_USER_PATHS = NO;
				CLANG_ANALYZER_NONNULL = YES;
				CLANG_ANALYZER_NUMBER_OBJECT_CONVERSION = YES_AGGRESSIVE;
				CLANG_CXX_LANGUAGE_STANDARD = "gnu++14";
				CLANG_CXX_LIBRARY = "libc++";
				CLANG_ENABLE_MODULES = YES;
				CLANG_ENABLE_OBJC_ARC = YES;
				CLANG_ENABLE_OBJC_WEAK = YES;
				CLANG_WARN_BLOCK_CAPTURE_AUTORELEASING = YES;
				CLANG_WARN_BOOL_CONVERSION = YES;
				CLANG_WARN_COMMA = YES;
				CLANG_WARN_CONSTANT_CONVERSION = YES;
				CLANG_WARN_DEPRECATED_OBJC_IMPLEMENTATIONS = YES;
				CLANG_WARN_DIRECT_OBJC_ISA_USAGE = YES_ERROR;
				CLANG_WARN_DOCUMENTATION_COMMENTS = YES;
				CLANG_WARN_EMPTY_BODY = YES;
				CLANG_WARN_ENUM_CONVERSION = YES;
				CLANG_WARN_INFINITE_RECURSION = YES;
				CLANG_WARN_INT_CONVERSION = YES;
				CLANG_WARN_NON_LITERAL_NULL_CONVERSION = YES;
				CLANG_WARN_OBJC_IMPLICIT_RETAIN_SELF = YES;
				CLANG_WARN_OBJC_LITERAL_CONVERSION = YES;
				CLANG_WARN_OBJC_ROOT_CLASS = YES_ERROR;
				CLANG_WARN_RANGE_LOOP_ANALYSIS = YES;
				CLANG_WARN_STRICT_PROTOTYPES = YES;
				CLANG_WARN_SUSPICIOUS_MOVE = YES;
				CLANG_WARN_UNGUARDED_AVAILABILITY = YES_AGGRESSIVE;
				CLANG_WARN_UNREACHABLE_CODE = YES;
				CLANG_WARN__DUPLICATE_METHOD_MATCH = YES;
				COPY_PHASE_STRIP = NO;
				DEBUG_INFORMATION_FORMAT = dwarf;
				ENABLE_STRICT_OBJC_MSGSEND = YES;
				ENABLE_TESTABILITY = YES;
				GCC_C_LANGUAGE_STANDARD = gnu11;
				GCC_DYNAMIC_NO_PIC = NO;
				GCC_NO_COMMON_BLOCKS = YES;
				GCC_OPTIMIZATION_LEVEL = 0;
				GCC_PREPROCESSOR_DEFINITIONS = (
					"DEBUG=1",
					"$(inherited)",
				);
				GCC_WARN_64_TO_32_BIT_CONVERSION = YES;
				GCC_WARN_ABOUT_RETURN_TYPE = YES_ERROR;
				GCC_WARN_UNDECLARED_SELECTOR = YES;
				GCC_WARN_UNINITIALIZED_AUTOS = YES_AGGRESSIVE;
				GCC_WARN_UNUSED_FUNCTION = YES;
				GCC_WARN_UNUSED_VARIABLE = YES;
				IPHONEOS_DEPLOYMENT_TARGET = 13.5;
				MTL_ENABLE_DEBUG_INFO = INCLUDE_SOURCE;
				MTL_FAST_MATH = YES;
				ONLY_ACTIVE_ARCH = YES;
				SDKROOT = iphoneos;
				SWIFT_ACTIVE_COMPILATION_CONDITIONS = DEBUG;
				SWIFT_OPTIMIZATION_LEVEL = "-Onone";
			};
			name = Debug;
		};
		D668D30B24AED8EE00629739 /* Release */ = {
			isa = XCBuildConfiguration;
			buildSettings = {
				ALWAYS_SEARCH_USER_PATHS = NO;
				CLANG_ANALYZER_NONNULL = YES;
				CLANG_ANALYZER_NUMBER_OBJECT_CONVERSION = YES_AGGRESSIVE;
				CLANG_CXX_LANGUAGE_STANDARD = "gnu++14";
				CLANG_CXX_LIBRARY = "libc++";
				CLANG_ENABLE_MODULES = YES;
				CLANG_ENABLE_OBJC_ARC = YES;
				CLANG_ENABLE_OBJC_WEAK = YES;
				CLANG_WARN_BLOCK_CAPTURE_AUTORELEASING = YES;
				CLANG_WARN_BOOL_CONVERSION = YES;
				CLANG_WARN_COMMA = YES;
				CLANG_WARN_CONSTANT_CONVERSION = YES;
				CLANG_WARN_DEPRECATED_OBJC_IMPLEMENTATIONS = YES;
				CLANG_WARN_DIRECT_OBJC_ISA_USAGE = YES_ERROR;
				CLANG_WARN_DOCUMENTATION_COMMENTS = YES;
				CLANG_WARN_EMPTY_BODY = YES;
				CLANG_WARN_ENUM_CONVERSION = YES;
				CLANG_WARN_INFINITE_RECURSION = YES;
				CLANG_WARN_INT_CONVERSION = YES;
				CLANG_WARN_NON_LITERAL_NULL_CONVERSION = YES;
				CLANG_WARN_OBJC_IMPLICIT_RETAIN_SELF = YES;
				CLANG_WARN_OBJC_LITERAL_CONVERSION = YES;
				CLANG_WARN_OBJC_ROOT_CLASS = YES_ERROR;
				CLANG_WARN_RANGE_LOOP_ANALYSIS = YES;
				CLANG_WARN_STRICT_PROTOTYPES = YES;
				CLANG_WARN_SUSPICIOUS_MOVE = YES;
				CLANG_WARN_UNGUARDED_AVAILABILITY = YES_AGGRESSIVE;
				CLANG_WARN_UNREACHABLE_CODE = YES;
				CLANG_WARN__DUPLICATE_METHOD_MATCH = YES;
				COPY_PHASE_STRIP = NO;
				DEBUG_INFORMATION_FORMAT = "dwarf-with-dsym";
				ENABLE_NS_ASSERTIONS = NO;
				ENABLE_STRICT_OBJC_MSGSEND = YES;
				GCC_C_LANGUAGE_STANDARD = gnu11;
				GCC_NO_COMMON_BLOCKS = YES;
				GCC_WARN_64_TO_32_BIT_CONVERSION = YES;
				GCC_WARN_ABOUT_RETURN_TYPE = YES_ERROR;
				GCC_WARN_UNDECLARED_SELECTOR = YES;
				GCC_WARN_UNINITIALIZED_AUTOS = YES_AGGRESSIVE;
				GCC_WARN_UNUSED_FUNCTION = YES;
				GCC_WARN_UNUSED_VARIABLE = YES;
				IPHONEOS_DEPLOYMENT_TARGET = 13.5;
				MTL_ENABLE_DEBUG_INFO = NO;
				MTL_FAST_MATH = YES;
				SDKROOT = iphoneos;
				SWIFT_COMPILATION_MODE = wholemodule;
				SWIFT_OPTIMIZATION_LEVEL = "-O";
				VALIDATE_PRODUCT = YES;
			};
			name = Release;
		};
		D668D30D24AED8EE00629739 /* Debug */ = {
			isa = XCBuildConfiguration;
			buildSettings = {
				ASSETCATALOG_COMPILER_APPICON_NAME = AppIcon;
				CODE_SIGN_STYLE = Manual;
				DEVELOPMENT_TEAM = "";
				INFOPLIST_FILE = RxSwiftRexExample/Info.plist;
				LD_RUNPATH_SEARCH_PATHS = (
					"$(inherited)",
					"@executable_path/Frameworks",
				);
				PRODUCT_BUNDLE_IDENTIFIER = de.developercity.RxSwiftRexExample;
				PRODUCT_NAME = "$(TARGET_NAME)";
				PROVISIONING_PROFILE_SPECIFIER = "";
				SWIFT_VERSION = 5.0;
				TARGETED_DEVICE_FAMILY = "1,2";
			};
			name = Debug;
		};
		D668D30E24AED8EE00629739 /* Release */ = {
			isa = XCBuildConfiguration;
			buildSettings = {
				ASSETCATALOG_COMPILER_APPICON_NAME = AppIcon;
				CODE_SIGN_STYLE = Manual;
				DEVELOPMENT_TEAM = "";
				INFOPLIST_FILE = RxSwiftRexExample/Info.plist;
				LD_RUNPATH_SEARCH_PATHS = (
					"$(inherited)",
					"@executable_path/Frameworks",
				);
				PRODUCT_BUNDLE_IDENTIFIER = de.developercity.RxSwiftRexExample;
				PRODUCT_NAME = "$(TARGET_NAME)";
				PROVISIONING_PROFILE_SPECIFIER = "";
				SWIFT_VERSION = 5.0;
				TARGETED_DEVICE_FAMILY = "1,2";
			};
			name = Release;
		};
/* End XCBuildConfiguration section */

/* Begin XCConfigurationList section */
		D668D2F324AED8ED00629739 /* Build configuration list for PBXProject "RxSwiftRexExample" */ = {
			isa = XCConfigurationList;
			buildConfigurations = (
				D668D30A24AED8EE00629739 /* Debug */,
				D668D30B24AED8EE00629739 /* Release */,
			);
			defaultConfigurationIsVisible = 0;
			defaultConfigurationName = Release;
		};
		D668D30C24AED8EE00629739 /* Build configuration list for PBXNativeTarget "RxSwiftRexExample" */ = {
			isa = XCConfigurationList;
			buildConfigurations = (
				D668D30D24AED8EE00629739 /* Debug */,
				D668D30E24AED8EE00629739 /* Release */,
			);
			defaultConfigurationIsVisible = 0;
			defaultConfigurationName = Release;
		};
/* End XCConfigurationList section */

/* Begin XCRemoteSwiftPackageReference section */
		D668D30F24AED95300629739 /* XCRemoteSwiftPackageReference "SwiftRex" */ = {
			isa = XCRemoteSwiftPackageReference;
			repositoryURL = "https://github.com/SwiftRex/SwiftRex.git";
			requirement = {
				branch = develop;
				kind = branch;
			};
		};
/* End XCRemoteSwiftPackageReference section */

/* Begin XCSwiftPackageProductDependency section */
		D668D31024AED95300629739 /* RxSwiftRex */ = {
			isa = XCSwiftPackageProductDependency;
			package = D668D30F24AED95300629739 /* XCRemoteSwiftPackageReference "SwiftRex" */;
			productName = RxSwiftRex;
		};
/* End XCSwiftPackageProductDependency section */
	};
	rootObject = D668D2F024AED8ED00629739 /* Project object */;
}
